
Microsoft Visual Studio Solution File, Format Version 12.00
# Visual Studio Version 17
VisualStudioVersion = 17.7.34009.444
MinimumVisualStudioVersion = 10.0.40219.1
Project("{FAE04EC0-301F-11D3-BF4B-00C04F79EFBC}") = "UnderstandingStateManagmentApp", "UnderstandingStateManagmentApp\UnderstandingStateManagmentApp.csproj", "{CF1E7288-BDF2-4E3D-AE7D-EF0202C40798}"
EndProject
Global
	GlobalSection(SolutionConfigurationPlatforms) = preSolution
		Debug|Any CPU = Debug|Any CPU
		Release|Any CPU = Release|Any CPU
	EndGlobalSection
	GlobalSection(ProjectConfigurationPlatforms) = postSolution
		{CF1E7288-BDF2-4E3D-AE7D-EF0202C40798}.Debug|Any CPU.ActiveCfg = Debug|Any CPU
		{CF1E7288-BDF2-4E3D-AE7D-EF0202C40798}.Debug|Any CPU.Build.0 = Debug|Any CPU
		{CF1E7288-BDF2-4E3D-AE7D-EF0202C40798}.Release|Any CPU.ActiveCfg = Release|Any CPU
		{CF1E7288-BDF2-4E3D-AE7D-EF0202C40798}.Release|Any CPU.Build.0 = Release|Any CPU
	EndGlobalSection
	GlobalSection(SolutionProperties) = preSolution
		HideSolutionNode = FALSE
	EndGlobalSection
	GlobalSection(ExtensibilityGlobals) = postSolution
		SolutionGuid = {86FCB37E-C877-4D7D-8546-6AFD071C07E9}
	EndGlobalSection
EndGlobal
