
Microsoft Visual Studio Solution File, Format Version 12.00
# Visual Studio Version 17
VisualStudioVersion = 17.7.34009.444
MinimumVisualStudioVersion = 10.0.40219.1
Project("{FAE04EC0-301F-11D3-BF4B-00C04F79EFBC}") = "numbersoperation", "numbersoperation.csproj", "{34EA232C-AF8D-4935-912C-A00608BE3C2D}"
EndProject
Global
	GlobalSection(SolutionConfigurationPlatforms) = preSolution
		Debug|Any CPU = Debug|Any CPU
		Release|Any CPU = Release|Any CPU
	EndGlobalSection
	GlobalSection(ProjectConfigurationPlatforms) = postSolution
		{34EA232C-AF8D-4935-912C-A00608BE3C2D}.Debug|Any CPU.ActiveCfg = Debug|Any CPU
		{34EA232C-AF8D-4935-912C-A00608BE3C2D}.Debug|Any CPU.Build.0 = Debug|Any CPU
		{34EA232C-AF8D-4935-912C-A00608BE3C2D}.Release|Any CPU.ActiveCfg = Release|Any CPU
		{34EA232C-AF8D-4935-912C-A00608BE3C2D}.Release|Any CPU.Build.0 = Release|Any CPU
	EndGlobalSection
	GlobalSection(SolutionProperties) = preSolution
		HideSolutionNode = FALSE
	EndGlobalSection
	GlobalSection(ExtensibilityGlobals) = postSolution
		SolutionGuid = {D4D9752C-C207-4DBD-B330-D7FE13653311}
	EndGlobalSection
EndGlobal
