
Microsoft Visual Studio Solution File, Format Version 12.00
# Visual Studio Version 17
VisualStudioVersion = 17.7.34009.444
MinimumVisualStudioVersion = 10.0.40219.1
Project("{FAE04EC0-301F-11D3-BF4B-00C04F79EFBC}") = "PizzaStoreApp", "PizzaStoreApp\PizzaStoreApp.csproj", "{2A8E2A79-C86D-46DC-86F5-823E60877146}"
EndProject
Global
	GlobalSection(SolutionConfigurationPlatforms) = preSolution
		Debug|Any CPU = Debug|Any CPU
		Release|Any CPU = Release|Any CPU
	EndGlobalSection
	GlobalSection(ProjectConfigurationPlatforms) = postSolution
		{2A8E2A79-C86D-46DC-86F5-823E60877146}.Debug|Any CPU.ActiveCfg = Debug|Any CPU
		{2A8E2A79-C86D-46DC-86F5-823E60877146}.Debug|Any CPU.Build.0 = Debug|Any CPU
		{2A8E2A79-C86D-46DC-86F5-823E60877146}.Release|Any CPU.ActiveCfg = Release|Any CPU
		{2A8E2A79-C86D-46DC-86F5-823E60877146}.Release|Any CPU.Build.0 = Release|Any CPU
	EndGlobalSection
	GlobalSection(SolutionProperties) = preSolution
		HideSolutionNode = FALSE
	EndGlobalSection
	GlobalSection(ExtensibilityGlobals) = postSolution
		SolutionGuid = {BD677272-73A5-467E-8107-2A885EF5C842}
	EndGlobalSection
EndGlobal
