
Microsoft Visual Studio Solution File, Format Version 12.00
# Visual Studio Version 17
VisualStudioVersion = 17.7.34009.444
MinimumVisualStudioVersion = 10.0.40219.1
Project("{FAE04EC0-301F-11D3-BF4B-00C04F79EFBC}") = "BlogApplication", "BlogApplication\BlogApplication.csproj", "{B0C8EDD4-80FF-4319-AF4A-C58F1B87CEA2}"
EndProject
Global
	GlobalSection(SolutionConfigurationPlatforms) = preSolution
		Debug|Any CPU = Debug|Any CPU
		Release|Any CPU = Release|Any CPU
	EndGlobalSection
	GlobalSection(ProjectConfigurationPlatforms) = postSolution
		{B0C8EDD4-80FF-4319-AF4A-C58F1B87CEA2}.Debug|Any CPU.ActiveCfg = Debug|Any CPU
		{B0C8EDD4-80FF-4319-AF4A-C58F1B87CEA2}.Debug|Any CPU.Build.0 = Debug|Any CPU
		{B0C8EDD4-80FF-4319-AF4A-C58F1B87CEA2}.Release|Any CPU.ActiveCfg = Release|Any CPU
		{B0C8EDD4-80FF-4319-AF4A-C58F1B87CEA2}.Release|Any CPU.Build.0 = Release|Any CPU
	EndGlobalSection
	GlobalSection(SolutionProperties) = preSolution
		HideSolutionNode = FALSE
	EndGlobalSection
	GlobalSection(ExtensibilityGlobals) = postSolution
		SolutionGuid = {4FC5EC4C-2D2C-424E-98A6-939BA5307621}
	EndGlobalSection
EndGlobal
