
Microsoft Visual Studio Solution File, Format Version 12.00
# Visual Studio Version 17
VisualStudioVersion = 17.7.34009.444
MinimumVisualStudioVersion = 10.0.40219.1
Project("{FAE04EC0-301F-11D3-BF4B-00C04F79EFBC}") = "FirstApp", "FirstApp.csproj", "{8C2A3C41-52D0-4E30-91D7-88089A0275C7}"
EndProject
Global
	GlobalSection(SolutionConfigurationPlatforms) = preSolution
		Debug|Any CPU = Debug|Any CPU
		Release|Any CPU = Release|Any CPU
	EndGlobalSection
	GlobalSection(ProjectConfigurationPlatforms) = postSolution
		{8C2A3C41-52D0-4E30-91D7-88089A0275C7}.Debug|Any CPU.ActiveCfg = Debug|Any CPU
		{8C2A3C41-52D0-4E30-91D7-88089A0275C7}.Debug|Any CPU.Build.0 = Debug|Any CPU
		{8C2A3C41-52D0-4E30-91D7-88089A0275C7}.Release|Any CPU.ActiveCfg = Release|Any CPU
		{8C2A3C41-52D0-4E30-91D7-88089A0275C7}.Release|Any CPU.Build.0 = Release|Any CPU
	EndGlobalSection
	GlobalSection(SolutionProperties) = preSolution
		HideSolutionNode = FALSE
	EndGlobalSection
	GlobalSection(ExtensibilityGlobals) = postSolution
		SolutionGuid = {0E228DFD-B5AE-4458-9F2C-FF66CFAD770D}
	EndGlobalSection
EndGlobal
