
Microsoft Visual Studio Solution File, Format Version 12.00
# Visual Studio Version 17
VisualStudioVersion = 17.7.34009.444
MinimumVisualStudioVersion = 10.0.40219.1
Project("{FAE04EC0-301F-11D3-BF4B-00C04F79EFBC}") = "EmployeeLoginApp", "EmployeeLoginApp\EmployeeLoginApp.csproj", "{DE976451-363E-4D7B-B903-86E34E3DCA88}"
EndProject
Global
	GlobalSection(SolutionConfigurationPlatforms) = preSolution
		Debug|Any CPU = Debug|Any CPU
		Release|Any CPU = Release|Any CPU
	EndGlobalSection
	GlobalSection(ProjectConfigurationPlatforms) = postSolution
		{DE976451-363E-4D7B-B903-86E34E3DCA88}.Debug|Any CPU.ActiveCfg = Debug|Any CPU
		{DE976451-363E-4D7B-B903-86E34E3DCA88}.Debug|Any CPU.Build.0 = Debug|Any CPU
		{DE976451-363E-4D7B-B903-86E34E3DCA88}.Release|Any CPU.ActiveCfg = Release|Any CPU
		{DE976451-363E-4D7B-B903-86E34E3DCA88}.Release|Any CPU.Build.0 = Release|Any CPU
	EndGlobalSection
	GlobalSection(SolutionProperties) = preSolution
		HideSolutionNode = FALSE
	EndGlobalSection
	GlobalSection(ExtensibilityGlobals) = postSolution
		SolutionGuid = {F46C807D-E3FB-4CD4-B05E-97B504E891A9}
	EndGlobalSection
EndGlobal
