
Microsoft Visual Studio Solution File, Format Version 12.00
# Visual Studio Version 17
VisualStudioVersion = 17.7.34009.444
MinimumVisualStudioVersion = 10.0.40219.1
Project("{FAE04EC0-301F-11D3-BF4B-00C04F79EFBC}") = "PizzaStoreApp", "PizzaStoreApp\PizzaStoreApp.csproj", "{8ECFEEF9-48D4-4406-A6C2-D3C8AB56F1DB}"
EndProject
Project("{FAE04EC0-301F-11D3-BF4B-00C04F79EFBC}") = "PizzaStoreModelLibrary", "PizzaStoreModelLibrary\PizzaStoreModelLibrary.csproj", "{89D78641-C214-4585-A890-E0B385322E0B}"
EndProject
Global
	GlobalSection(SolutionConfigurationPlatforms) = preSolution
		Debug|Any CPU = Debug|Any CPU
		Release|Any CPU = Release|Any CPU
	EndGlobalSection
	GlobalSection(ProjectConfigurationPlatforms) = postSolution
		{8ECFEEF9-48D4-4406-A6C2-D3C8AB56F1DB}.Debug|Any CPU.ActiveCfg = Debug|Any CPU
		{8ECFEEF9-48D4-4406-A6C2-D3C8AB56F1DB}.Debug|Any CPU.Build.0 = Debug|Any CPU
		{8ECFEEF9-48D4-4406-A6C2-D3C8AB56F1DB}.Release|Any CPU.ActiveCfg = Release|Any CPU
		{8ECFEEF9-48D4-4406-A6C2-D3C8AB56F1DB}.Release|Any CPU.Build.0 = Release|Any CPU
		{89D78641-C214-4585-A890-E0B385322E0B}.Debug|Any CPU.ActiveCfg = Debug|Any CPU
		{89D78641-C214-4585-A890-E0B385322E0B}.Debug|Any CPU.Build.0 = Debug|Any CPU
		{89D78641-C214-4585-A890-E0B385322E0B}.Release|Any CPU.ActiveCfg = Release|Any CPU
		{89D78641-C214-4585-A890-E0B385322E0B}.Release|Any CPU.Build.0 = Release|Any CPU
	EndGlobalSection
	GlobalSection(SolutionProperties) = preSolution
		HideSolutionNode = FALSE
	EndGlobalSection
	GlobalSection(ExtensibilityGlobals) = postSolution
		SolutionGuid = {28D78964-E1CD-4E06-87E4-E9F6452697A9}
	EndGlobalSection
EndGlobal
